# This file is automatically @generated by Cargo.
# It is not intended for manual editing.
version = 3

[[package]]
name = "galm"
version = "0.1.4"
source = "registry+https://github.com/rust-lang/crates.io-index"
checksum = "d22ae508d785e3040f92aa959c91a8c33bae0863f69af52a55d5c2ff5a9550ee"

[[package]]
name = "galm_wrapper"
version = "0.1.0"
dependencies = [
 "galm",
 "libc",
]

[[package]]
name = "libc"
version = "0.2.119"
source = "registry+https://github.com/rust-lang/crates.io-index"
checksum = "1bf2e165bb3457c8e098ea76f3e3bc9db55f87aa90d52d0e6be741470916aaa4"
